dependencies:
- name: simpaas
  repository: file://../simpaas
  version: 0.1.0
- name: ingress-nginx
  repository: https://kubernetes.github.io/ingress-nginx
  version: 4.11.1
- name: opentelemetry-collector
  repository: https://open-telemetry.github.io/opentelemetry-helm-charts
  version: 0.99.0
digest: sha256:5548af5ee79ddddc0cd0262b6b5d5941a40db82a51e70e0c4967c6a1622d4219
generated: "2024-07-25T17:35:47.227721+02:00"
