dependencies:
- name: simpaas
  repository: file://../simpaas
  version: 0.1.0
- name: grafana
  repository: https://grafana.github.io/helm-charts
  version: 8.3.6
- name: ingress-nginx
  repository: https://kubernetes.github.io/ingress-nginx
  version: 4.11.1
- name: opentelemetry-collector
  repository: https://open-telemetry.github.io/opentelemetry-helm-charts
  version: 0.100.0
digest: sha256:43e2a816099d34da958d6fa4b3f91095d8eeeaba8f785d09f8243414b617ff7b
generated: "2024-07-26T17:02:12.566436+02:00"
